
Microsoft Visual Studio Solution File, Format Version 12.00
# Visual Studio 2013
VisualStudioVersion = 12.0.40629.0
MinimumVisualStudioVersion = 10.0.40219.1
Project("{9092AA53-FB77-4645-B42D-1CCCA6BD08BD}") = "isABiggerThanB", "isABiggerThanB\isABiggerThanB.njsproj", "{E631C264-A329-4778-965A-8F073626B4F0}"
EndProject
Project("{9092AA53-FB77-4645-B42D-1CCCA6BD08BD}") = "temp", "temp\temp.njsproj", "{9A0164C5-A996-48E2-8C21-A246870D6265}"
EndProject
Global
	GlobalSection(SolutionConfigurationPlatforms) = preSolution
		Debug|Any CPU = Debug|Any CPU
		Release|Any CPU = Release|Any CPU
	EndGlobalSection
	GlobalSection(ProjectConfigurationPlatforms) = postSolution
		{E631C264-A329-4778-965A-8F073626B4F0}.Debug|Any CPU.ActiveCfg = Debug|Any CPU
		{E631C264-A329-4778-965A-8F073626B4F0}.Debug|Any CPU.Build.0 = Debug|Any CPU
		{E631C264-A329-4778-965A-8F073626B4F0}.Release|Any CPU.ActiveCfg = Release|Any CPU
		{E631C264-A329-4778-965A-8F073626B4F0}.Release|Any CPU.Build.0 = Release|Any CPU
		{9A0164C5-A996-48E2-8C21-A246870D6265}.Debug|Any CPU.ActiveCfg = Debug|Any CPU
		{9A0164C5-A996-48E2-8C21-A246870D6265}.Debug|Any CPU.Build.0 = Debug|Any CPU
		{9A0164C5-A996-48E2-8C21-A246870D6265}.Release|Any CPU.ActiveCfg = Release|Any CPU
		{9A0164C5-A996-48E2-8C21-A246870D6265}.Release|Any CPU.Build.0 = Release|Any CPU
	EndGlobalSection
	GlobalSection(SolutionProperties) = preSolution
		HideSolutionNode = FALSE
	EndGlobalSection
EndGlobal
